
Microsoft Visual Studio Solution File, Format Version 12.00
# Visual Studio 14
VisualStudioVersion = 14.0.25420.1
MinimumVisualStudioVersion = 10.0.40219.1
Project("{FAE04EC0-301F-11D3-BF4B-00C04F79EFBC}") = "PritixDictionary.Android", "PritixDictionary\PritixDictionary.Android\PritixDictionary.Android.csproj", "{8BEA1683-312C-4DC1-ACEE-7F0565BD8C95}"
EndProject
Project("{FAE04EC0-301F-11D3-BF4B-00C04F79EFBC}") = "PritixDictionary", "PritixDictionary\PritixDictionary\PritixDictionary.csproj", "{0C2183C1-CD64-4B55-8C76-911EAF6F20EB}"
EndProject
Project("{FAE04EC0-301F-11D3-BF4B-00C04F79EFBC}") = "PritixDictionary.UWP", "PritixDictionary\PritixDictionary.UWP\PritixDictionary.UWP.csproj", "{A91B336F-3E4E-4B00-96C2-62F93126B729}"
EndProject
Project("{FAE04EC0-301F-11D3-BF4B-00C04F79EFBC}") = "PritixDictionary.iOS", "PritixDictionary\PritixDictionary.iOS\PritixDictionary.iOS.csproj", "{DA0AF2E9-C7FD-4016-824C-469FE38BE512}"
EndProject
Global
	GlobalSection(SolutionConfigurationPlatforms) = preSolution
		Ad-Hoc|Any CPU = Ad-Hoc|Any CPU
		Ad-Hoc|ARM = Ad-Hoc|ARM
		Ad-Hoc|iPhone = Ad-Hoc|iPhone
		Ad-Hoc|iPhoneSimulator = Ad-Hoc|iPhoneSimulator
		Ad-Hoc|x64 = Ad-Hoc|x64
		Ad-Hoc|x86 = Ad-Hoc|x86
		AppStore|Any CPU = AppStore|Any CPU
		AppStore|ARM = AppStore|ARM
		AppStore|iPhone = AppStore|iPhone
		AppStore|iPhoneSimulator = AppStore|iPhoneSimulator
		AppStore|x64 = AppStore|x64
		AppStore|x86 = AppStore|x86
		Debug|Any CPU = Debug|Any CPU
		Debug|ARM = Debug|ARM
		Debug|iPhone = Debug|iPhone
		Debug|iPhoneSimulator = Debug|iPhoneSimulator
		Debug|x64 = Debug|x64
		Debug|x86 = Debug|x86
		Release|Any CPU = Release|Any CPU
		Release|ARM = Release|ARM
		Release|iPhone = Release|iPhone
		Release|iPhoneSimulator = Release|iPhoneSimulator
		Release|x64 = Release|x64
		Release|x86 = Release|x86
	EndGlobalSection
	GlobalSection(ProjectConfigurationPlatforms) = postSolution
		{8BEA1683-312C-4DC1-ACEE-7F0565BD8C95}.Ad-Hoc|Any CPU.ActiveCfg = Release|Any CPU
		{8BEA1683-312C-4DC1-ACEE-7F0565BD8C95}.Ad-Hoc|Any CPU.Build.0 = Release|Any CPU
		{8BEA1683-312C-4DC1-ACEE-7F0565BD8C95}.Ad-Hoc|Any CPU.Deploy.0 = Release|Any CPU
		{8BEA1683-312C-4DC1-ACEE-7F0565BD8C95}.Ad-Hoc|ARM.ActiveCfg = Release|Any CPU
		{8BEA1683-312C-4DC1-ACEE-7F0565BD8C95}.Ad-Hoc|ARM.Build.0 = Release|Any CPU
		{8BEA1683-312C-4DC1-ACEE-7F0565BD8C95}.Ad-Hoc|ARM.Deploy.0 = Release|Any CPU
		{8BEA1683-312C-4DC1-ACEE-7F0565BD8C95}.Ad-Hoc|iPhone.ActiveCfg = Release|Any CPU
		{8BEA1683-312C-4DC1-ACEE-7F0565BD8C95}.Ad-Hoc|iPhone.Build.0 = Release|Any CPU
		{8BEA1683-312C-4DC1-ACEE-7F0565BD8C95}.Ad-Hoc|iPhone.Deploy.0 = Release|Any CPU
		{8BEA1683-312C-4DC1-ACEE-7F0565BD8C95}.Ad-Hoc|iPhoneSimulator.ActiveCfg = Release|Any CPU
		{8BEA1683-312C-4DC1-ACEE-7F0565BD8C95}.Ad-Hoc|iPhoneSimulator.Build.0 = Release|Any CPU
		{8BEA1683-312C-4DC1-ACEE-7F0565BD8C95}.Ad-Hoc|iPhoneSimulator.Deploy.0 = Release|Any CPU
		{8BEA1683-312C-4DC1-ACEE-7F0565BD8C95}.Ad-Hoc|x64.ActiveCfg = Release|Any CPU
		{8BEA1683-312C-4DC1-ACEE-7F0565BD8C95}.Ad-Hoc|x64.Build.0 = Release|Any CPU
		{8BEA1683-312C-4DC1-ACEE-7F0565BD8C95}.Ad-Hoc|x64.Deploy.0 = Release|Any CPU
		{8BEA1683-312C-4DC1-ACEE-7F0565BD8C95}.Ad-Hoc|x86.ActiveCfg = Release|Any CPU
		{8BEA1683-312C-4DC1-ACEE-7F0565BD8C95}.Ad-Hoc|x86.Build.0 = Release|Any CPU
		{8BEA1683-312C-4DC1-ACEE-7F0565BD8C95}.Ad-Hoc|x86.Deploy.0 = Release|Any CPU
		{8BEA1683-312C-4DC1-ACEE-7F0565BD8C95}.AppStore|Any CPU.ActiveCfg = Release|Any CPU
		{8BEA1683-312C-4DC1-ACEE-7F0565BD8C95}.AppStore|Any CPU.Build.0 = Release|Any CPU
		{8BEA1683-312C-4DC1-ACEE-7F0565BD8C95}.AppStore|Any CPU.Deploy.0 = Release|Any CPU
		{8BEA1683-312C-4DC1-ACEE-7F0565BD8C95}.AppStore|ARM.ActiveCfg = Release|Any CPU
		{8BEA1683-312C-4DC1-ACEE-7F0565BD8C95}.AppStore|ARM.Build.0 = Release|Any CPU
		{8BEA1683-312C-4DC1-ACEE-7F0565BD8C95}.AppStore|ARM.Deploy.0 = Release|Any CPU
		{8BEA1683-312C-4DC1-ACEE-7F0565BD8C95}.AppStore|iPhone.ActiveCfg = Release|Any CPU
		{8BEA1683-312C-4DC1-ACEE-7F0565BD8C95}.AppStore|iPhone.Build.0 = Release|Any CPU
		{8BEA1683-312C-4DC1-ACEE-7F0565BD8C95}.AppStore|iPhone.Deploy.0 = Release|Any CPU
		{8BEA1683-312C-4DC1-ACEE-7F0565BD8C95}.AppStore|iPhoneSimulator.ActiveCfg = Release|Any CPU
		{8BEA1683-312C-4DC1-ACEE-7F0565BD8C95}.AppStore|iPhoneSimulator.Build.0 = Release|Any CPU
		{8BEA1683-312C-4DC1-ACEE-7F0565BD8C95}.AppStore|iPhoneSimulator.Deploy.0 = Release|Any CPU
		{8BEA1683-312C-4DC1-ACEE-7F0565BD8C95}.AppStore|x64.ActiveCfg = Release|Any CPU
		{8BEA1683-312C-4DC1-ACEE-7F0565BD8C95}.AppStore|x64.Build.0 = Release|Any CPU
		{8BEA1683-312C-4DC1-ACEE-7F0565BD8C95}.AppStore|x64.Deploy.0 = Release|Any CPU
		{8BEA1683-312C-4DC1-ACEE-7F0565BD8C95}.AppStore|x86.ActiveCfg = Release|Any CPU
		{8BEA1683-312C-4DC1-ACEE-7F0565BD8C95}.AppStore|x86.Build.0 = Release|Any CPU
		{8BEA1683-312C-4DC1-ACEE-7F0565BD8C95}.AppStore|x86.Deploy.0 = Release|Any CPU
		{8BEA1683-312C-4DC1-ACEE-7F0565BD8C95}.Debug|Any CPU.ActiveCfg = Debug|Any CPU
		{8BEA1683-312C-4DC1-ACEE-7F0565BD8C95}.Debug|Any CPU.Build.0 = Debug|Any CPU
		{8BEA1683-312C-4DC1-ACEE-7F0565BD8C95}.Debug|Any CPU.Deploy.0 = Debug|Any CPU
		{8BEA1683-312C-4DC1-ACEE-7F0565BD8C95}.Debug|ARM.ActiveCfg = Debug|Any CPU
		{8BEA1683-312C-4DC1-ACEE-7F0565BD8C95}.Debug|ARM.Build.0 = Debug|Any CPU
		{8BEA1683-312C-4DC1-ACEE-7F0565BD8C95}.Debug|ARM.Deploy.0 = Debug|Any CPU
		{8BEA1683-312C-4DC1-ACEE-7F0565BD8C95}.Debug|iPhone.ActiveCfg = Debug|Any CPU
		{8BEA1683-312C-4DC1-ACEE-7F0565BD8C95}.Debug|iPhone.Build.0 = Debug|Any CPU
		{8BEA1683-312C-4DC1-ACEE-7F0565BD8C95}.Debug|iPhone.Deploy.0 = Debug|Any CPU
		{8BEA1683-312C-4DC1-ACEE-7F0565BD8C95}.Debug|iPhoneSimulator.ActiveCfg = Debug|Any CPU
		{8BEA1683-312C-4DC1-ACEE-7F0565BD8C95}.Debug|iPhoneSimulator.Build.0 = Debug|Any CPU
		{8BEA1683-312C-4DC1-ACEE-7F0565BD8C95}.Debug|iPhoneSimulator.Deploy.0 = Debug|Any CPU
		{8BEA1683-312C-4DC1-ACEE-7F0565BD8C95}.Debug|x64.ActiveCfg = Debug|Any CPU
		{8BEA1683-312C-4DC1-ACEE-7F0565BD8C95}.Debug|x64.Build.0 = Debug|Any CPU
		{8BEA1683-312C-4DC1-ACEE-7F0565BD8C95}.Debug|x64.Deploy.0 = Debug|Any CPU
		{8BEA1683-312C-4DC1-ACEE-7F0565BD8C95}.Debug|x86.ActiveCfg = Debug|Any CPU
		{8BEA1683-312C-4DC1-ACEE-7F0565BD8C95}.Debug|x86.Build.0 = Debug|Any CPU
		{8BEA1683-312C-4DC1-ACEE-7F0565BD8C95}.Debug|x86.Deploy.0 = Debug|Any CPU
		{8BEA1683-312C-4DC1-ACEE-7F0565BD8C95}.Release|Any CPU.ActiveCfg = Release|Any CPU
		{8BEA1683-312C-4DC1-ACEE-7F0565BD8C95}.Release|Any CPU.Build.0 = Release|Any CPU
		{8BEA1683-312C-4DC1-ACEE-7F0565BD8C95}.Release|Any CPU.Deploy.0 = Release|Any CPU
		{8BEA1683-312C-4DC1-ACEE-7F0565BD8C95}.Release|ARM.ActiveCfg = Release|Any CPU
		{8BEA1683-312C-4DC1-ACEE-7F0565BD8C95}.Release|ARM.Build.0 = Release|Any CPU
		{8BEA1683-312C-4DC1-ACEE-7F0565BD8C95}.Release|ARM.Deploy.0 = Release|Any CPU
		{8BEA1683-312C-4DC1-ACEE-7F0565BD8C95}.Release|iPhone.ActiveCfg = Release|Any CPU
		{8BEA1683-312C-4DC1-ACEE-7F0565BD8C95}.Release|iPhone.Build.0 = Release|Any CPU
		{8BEA1683-312C-4DC1-ACEE-7F0565BD8C95}.Release|iPhone.Deploy.0 = Release|Any CPU
		{8BEA1683-312C-4DC1-ACEE-7F0565BD8C95}.Release|iPhoneSimulator.ActiveCfg = Release|Any CPU
		{8BEA1683-312C-4DC1-ACEE-7F0565BD8C95}.Release|iPhoneSimulator.Build.0 = Release|Any CPU
		{8BEA1683-312C-4DC1-ACEE-7F0565BD8C95}.Release|iPhoneSimulator.Deploy.0 = Release|Any CPU
		{8BEA1683-312C-4DC1-ACEE-7F0565BD8C95}.Release|x64.ActiveCfg = Release|Any CPU
		{8BEA1683-312C-4DC1-ACEE-7F0565BD8C95}.Release|x64.Build.0 = Release|Any CPU
		{8BEA1683-312C-4DC1-ACEE-7F0565BD8C95}.Release|x64.Deploy.0 = Release|Any CPU
		{8BEA1683-312C-4DC1-ACEE-7F0565BD8C95}.Release|x86.ActiveCfg = Release|Any CPU
		{8BEA1683-312C-4DC1-ACEE-7F0565BD8C95}.Release|x86.Build.0 = Release|Any CPU
		{8BEA1683-312C-4DC1-ACEE-7F0565BD8C95}.Release|x86.Deploy.0 = Release|Any CPU
		{0C2183C1-CD64-4B55-8C76-911EAF6F20EB}.Ad-Hoc|Any CPU.ActiveCfg = Release|Any CPU
		{0C2183C1-CD64-4B55-8C76-911EAF6F20EB}.Ad-Hoc|Any CPU.Build.0 = Release|Any CPU
		{0C2183C1-CD64-4B55-8C76-911EAF6F20EB}.Ad-Hoc|ARM.ActiveCfg = Release|Any CPU
		{0C2183C1-CD64-4B55-8C76-911EAF6F20EB}.Ad-Hoc|ARM.Build.0 = Release|Any CPU
		{0C2183C1-CD64-4B55-8C76-911EAF6F20EB}.Ad-Hoc|iPhone.ActiveCfg = Release|Any CPU
		{0C2183C1-CD64-4B55-8C76-911EAF6F20EB}.Ad-Hoc|iPhone.Build.0 = Release|Any CPU
		{0C2183C1-CD64-4B55-8C76-911EAF6F20EB}.Ad-Hoc|iPhoneSimulator.ActiveCfg = Release|Any CPU
		{0C2183C1-CD64-4B55-8C76-911EAF6F20EB}.Ad-Hoc|iPhoneSimulator.Build.0 = Release|Any CPU
		{0C2183C1-CD64-4B55-8C76-911EAF6F20EB}.Ad-Hoc|x64.ActiveCfg = Release|Any CPU
		{0C2183C1-CD64-4B55-8C76-911EAF6F20EB}.Ad-Hoc|x64.Build.0 = Release|Any CPU
		{0C2183C1-CD64-4B55-8C76-911EAF6F20EB}.Ad-Hoc|x86.ActiveCfg = Release|Any CPU
		{0C2183C1-CD64-4B55-8C76-911EAF6F20EB}.Ad-Hoc|x86.Build.0 = Release|Any CPU
		{0C2183C1-CD64-4B55-8C76-911EAF6F20EB}.AppStore|Any CPU.ActiveCfg = Release|Any CPU
		{0C2183C1-CD64-4B55-8C76-911EAF6F20EB}.AppStore|Any CPU.Build.0 = Release|Any CPU
		{0C2183C1-CD64-4B55-8C76-911EAF6F20EB}.AppStore|ARM.ActiveCfg = Release|Any CPU
		{0C2183C1-CD64-4B55-8C76-911EAF6F20EB}.AppStore|ARM.Build.0 = Release|Any CPU
		{0C2183C1-CD64-4B55-8C76-911EAF6F20EB}.AppStore|iPhone.ActiveCfg = Release|Any CPU
		{0C2183C1-CD64-4B55-8C76-911EAF6F20EB}.AppStore|iPhone.Build.0 = Release|Any CPU
		{0C2183C1-CD64-4B55-8C76-911EAF6F20EB}.AppStore|iPhoneSimulator.ActiveCfg = Release|Any CPU
		{0C2183C1-CD64-4B55-8C76-911EAF6F20EB}.AppStore|iPhoneSimulator.Build.0 = Release|Any CPU
		{0C2183C1-CD64-4B55-8C76-911EAF6F20EB}.AppStore|x64.ActiveCfg = Release|Any CPU
		{0C2183C1-CD64-4B55-8C76-911EAF6F20EB}.AppStore|x64.Build.0 = Release|Any CPU
		{0C2183C1-CD64-4B55-8C76-911EAF6F20EB}.AppStore|x86.ActiveCfg = Release|Any CPU
		{0C2183C1-CD64-4B55-8C76-911EAF6F20EB}.AppStore|x86.Build.0 = Release|Any CPU
		{0C2183C1-CD64-4B55-8C76-911EAF6F20EB}.Debug|Any CPU.ActiveCfg = Debug|Any CPU
		{0C2183C1-CD64-4B55-8C76-911EAF6F20EB}.Debug|Any CPU.Build.0 = Debug|Any CPU
		{0C2183C1-CD64-4B55-8C76-911EAF6F20EB}.Debug|ARM.ActiveCfg = Debug|Any CPU
		{0C2183C1-CD64-4B55-8C76-911EAF6F20EB}.Debug|ARM.Build.0 = Debug|Any CPU
		{0C2183C1-CD64-4B55-8C76-911EAF6F20EB}.Debug|iPhone.ActiveCfg = Debug|Any CPU
		{0C2183C1-CD64-4B55-8C76-911EAF6F20EB}.Debug|iPhone.Build.0 = Debug|Any CPU
		{0C2183C1-CD64-4B55-8C76-911EAF6F20EB}.Debug|iPhoneSimulator.ActiveCfg = Debug|Any CPU
		{0C2183C1-CD64-4B55-8C76-911EAF6F20EB}.Debug|iPhoneSimulator.Build.0 = Debug|Any CPU
		{0C2183C1-CD64-4B55-8C76-911EAF6F20EB}.Debug|x64.ActiveCfg = Debug|Any CPU
		{0C2183C1-CD64-4B55-8C76-911EAF6F20EB}.Debug|x64.Build.0 = Debug|Any CPU
		{0C2183C1-CD64-4B55-8C76-911EAF6F20EB}.Debug|x86.ActiveCfg = Debug|Any CPU
		{0C2183C1-CD64-4B55-8C76-911EAF6F20EB}.Debug|x86.Build.0 = Debug|Any CPU
		{0C2183C1-CD64-4B55-8C76-911EAF6F20EB}.Release|Any CPU.ActiveCfg = Release|Any CPU
		{0C2183C1-CD64-4B55-8C76-911EAF6F20EB}.Release|Any CPU.Build.0 = Release|Any CPU
		{0C2183C1-CD64-4B55-8C76-911EAF6F20EB}.Release|ARM.ActiveCfg = Release|Any CPU
		{0C2183C1-CD64-4B55-8C76-911EAF6F20EB}.Release|ARM.Build.0 = Release|Any CPU
		{0C2183C1-CD64-4B55-8C76-911EAF6F20EB}.Release|iPhone.ActiveCfg = Release|Any CPU
		{0C2183C1-CD64-4B55-8C76-911EAF6F20EB}.Release|iPhone.Build.0 = Release|Any CPU
		{0C2183C1-CD64-4B55-8C76-911EAF6F20EB}.Release|iPhoneSimulator.ActiveCfg = Release|Any CPU
		{0C2183C1-CD64-4B55-8C76-911EAF6F20EB}.Release|iPhoneSimulator.Build.0 = Release|Any CPU
		{0C2183C1-CD64-4B55-8C76-911EAF6F20EB}.Release|x64.ActiveCfg = Release|Any CPU
		{0C2183C1-CD64-4B55-8C76-911EAF6F20EB}.Release|x64.Build.0 = Release|Any CPU
		{0C2183C1-CD64-4B55-8C76-911EAF6F20EB}.Release|x86.ActiveCfg = Release|Any CPU
		{0C2183C1-CD64-4B55-8C76-911EAF6F20EB}.Release|x86.Build.0 = Release|Any CPU
		{A91B336F-3E4E-4B00-96C2-62F93126B729}.Ad-Hoc|Any CPU.ActiveCfg = Release|x86
		{A91B336F-3E4E-4B00-96C2-62F93126B729}.Ad-Hoc|Any CPU.Build.0 = Release|x86
		{A91B336F-3E4E-4B00-96C2-62F93126B729}.Ad-Hoc|Any CPU.Deploy.0 = Release|x86
		{A91B336F-3E4E-4B00-96C2-62F93126B729}.Ad-Hoc|ARM.ActiveCfg = Release|ARM
		{A91B336F-3E4E-4B00-96C2-62F93126B729}.Ad-Hoc|ARM.Build.0 = Release|ARM
		{A91B336F-3E4E-4B00-96C2-62F93126B729}.Ad-Hoc|ARM.Deploy.0 = Release|ARM
		{A91B336F-3E4E-4B00-96C2-62F93126B729}.Ad-Hoc|iPhone.ActiveCfg = Release|x86
		{A91B336F-3E4E-4B00-96C2-62F93126B729}.Ad-Hoc|iPhone.Build.0 = Release|x86
		{A91B336F-3E4E-4B00-96C2-62F93126B729}.Ad-Hoc|iPhone.Deploy.0 = Release|x86
		{A91B336F-3E4E-4B00-96C2-62F93126B729}.Ad-Hoc|iPhoneSimulator.ActiveCfg = Release|x86
		{A91B336F-3E4E-4B00-96C2-62F93126B729}.Ad-Hoc|iPhoneSimulator.Build.0 = Release|x86
		{A91B336F-3E4E-4B00-96C2-62F93126B729}.Ad-Hoc|iPhoneSimulator.Deploy.0 = Release|x86
		{A91B336F-3E4E-4B00-96C2-62F93126B729}.Ad-Hoc|x64.ActiveCfg = Release|x64
		{A91B336F-3E4E-4B00-96C2-62F93126B729}.Ad-Hoc|x64.Build.0 = Release|x64
		{A91B336F-3E4E-4B00-96C2-62F93126B729}.Ad-Hoc|x64.Deploy.0 = Release|x64
		{A91B336F-3E4E-4B00-96C2-62F93126B729}.Ad-Hoc|x86.ActiveCfg = Release|x86
		{A91B336F-3E4E-4B00-96C2-62F93126B729}.Ad-Hoc|x86.Build.0 = Release|x86
		{A91B336F-3E4E-4B00-96C2-62F93126B729}.Ad-Hoc|x86.Deploy.0 = Release|x86
		{A91B336F-3E4E-4B00-96C2-62F93126B729}.AppStore|Any CPU.ActiveCfg = Release|x86
		{A91B336F-3E4E-4B00-96C2-62F93126B729}.AppStore|Any CPU.Build.0 = Release|x86
		{A91B336F-3E4E-4B00-96C2-62F93126B729}.AppStore|Any CPU.Deploy.0 = Release|x86
		{A91B336F-3E4E-4B00-96C2-62F93126B729}.AppStore|ARM.ActiveCfg = Release|ARM
		{A91B336F-3E4E-4B00-96C2-62F93126B729}.AppStore|ARM.Build.0 = Release|ARM
		{A91B336F-3E4E-4B00-96C2-62F93126B729}.AppStore|ARM.Deploy.0 = Release|ARM
		{A91B336F-3E4E-4B00-96C2-62F93126B729}.AppStore|iPhone.ActiveCfg = Release|x86
		{A91B336F-3E4E-4B00-96C2-62F93126B729}.AppStore|iPhone.Build.0 = Release|x86
		{A91B336F-3E4E-4B00-96C2-62F93126B729}.AppStore|iPhone.Deploy.0 = Release|x86
		{A91B336F-3E4E-4B00-96C2-62F93126B729}.AppStore|iPhoneSimulator.ActiveCfg = Release|x86
		{A91B336F-3E4E-4B00-96C2-62F93126B729}.AppStore|iPhoneSimulator.Build.0 = Release|x86
		{A91B336F-3E4E-4B00-96C2-62F93126B729}.AppStore|iPhoneSimulator.Deploy.0 = Release|x86
		{A91B336F-3E4E-4B00-96C2-62F93126B729}.AppStore|x64.ActiveCfg = Release|x64
		{A91B336F-3E4E-4B00-96C2-62F93126B729}.AppStore|x64.Build.0 = Release|x64
		{A91B336F-3E4E-4B00-96C2-62F93126B729}.AppStore|x64.Deploy.0 = Release|x64
		{A91B336F-3E4E-4B00-96C2-62F93126B729}.AppStore|x86.ActiveCfg = Release|x86
		{A91B336F-3E4E-4B00-96C2-62F93126B729}.AppStore|x86.Build.0 = Release|x86
		{A91B336F-3E4E-4B00-96C2-62F93126B729}.AppStore|x86.Deploy.0 = Release|x86
		{A91B336F-3E4E-4B00-96C2-62F93126B729}.Debug|Any CPU.ActiveCfg = Debug|x86
		{A91B336F-3E4E-4B00-96C2-62F93126B729}.Debug|ARM.ActiveCfg = Debug|ARM
		{A91B336F-3E4E-4B00-96C2-62F93126B729}.Debug|ARM.Build.0 = Debug|ARM
		{A91B336F-3E4E-4B00-96C2-62F93126B729}.Debug|ARM.Deploy.0 = Debug|ARM
		{A91B336F-3E4E-4B00-96C2-62F93126B729}.Debug|iPhone.ActiveCfg = Debug|x86
		{A91B336F-3E4E-4B00-96C2-62F93126B729}.Debug|iPhoneSimulator.ActiveCfg = Debug|x86
		{A91B336F-3E4E-4B00-96C2-62F93126B729}.Debug|x64.ActiveCfg = Debug|x64
		{A91B336F-3E4E-4B00-96C2-62F93126B729}.Debug|x64.Build.0 = Debug|x64
		{A91B336F-3E4E-4B00-96C2-62F93126B729}.Debug|x64.Deploy.0 = Debug|x64
		{A91B336F-3E4E-4B00-96C2-62F93126B729}.Debug|x86.ActiveCfg = Debug|x86
		{A91B336F-3E4E-4B00-96C2-62F93126B729}.Debug|x86.Build.0 = Debug|x86
		{A91B336F-3E4E-4B00-96C2-62F93126B729}.Debug|x86.Deploy.0 = Debug|x86
		{A91B336F-3E4E-4B00-96C2-62F93126B729}.Release|Any CPU.ActiveCfg = Release|x86
		{A91B336F-3E4E-4B00-96C2-62F93126B729}.Release|ARM.ActiveCfg = Release|ARM
		{A91B336F-3E4E-4B00-96C2-62F93126B729}.Release|ARM.Build.0 = Release|ARM
		{A91B336F-3E4E-4B00-96C2-62F93126B729}.Release|ARM.Deploy.0 = Release|ARM
		{A91B336F-3E4E-4B00-96C2-62F93126B729}.Release|iPhone.ActiveCfg = Release|x86
		{A91B336F-3E4E-4B00-96C2-62F93126B729}.Release|iPhoneSimulator.ActiveCfg = Release|x86
		{A91B336F-3E4E-4B00-96C2-62F93126B729}.Release|x64.ActiveCfg = Release|x64
		{A91B336F-3E4E-4B00-96C2-62F93126B729}.Release|x64.Build.0 = Release|x64
		{A91B336F-3E4E-4B00-96C2-62F93126B729}.Release|x64.Deploy.0 = Release|x64
		{A91B336F-3E4E-4B00-96C2-62F93126B729}.Release|x86.ActiveCfg = Release|x86
		{A91B336F-3E4E-4B00-96C2-62F93126B729}.Release|x86.Build.0 = Release|x86
		{A91B336F-3E4E-4B00-96C2-62F93126B729}.Release|x86.Deploy.0 = Release|x86
		{DA0AF2E9-C7FD-4016-824C-469FE38BE512}.Ad-Hoc|Any CPU.ActiveCfg = Ad-Hoc|iPhone
		{DA0AF2E9-C7FD-4016-824C-469FE38BE512}.Ad-Hoc|ARM.ActiveCfg = Ad-Hoc|iPhone
		{DA0AF2E9-C7FD-4016-824C-469FE38BE512}.Ad-Hoc|iPhone.ActiveCfg = Ad-Hoc|iPhone
		{DA0AF2E9-C7FD-4016-824C-469FE38BE512}.Ad-Hoc|iPhone.Build.0 = Ad-Hoc|iPhone
		{DA0AF2E9-C7FD-4016-824C-469FE38BE512}.Ad-Hoc|iPhoneSimulator.ActiveCfg = Ad-Hoc|iPhoneSimulator
		{DA0AF2E9-C7FD-4016-824C-469FE38BE512}.Ad-Hoc|iPhoneSimulator.Build.0 = Ad-Hoc|iPhoneSimulator
		{DA0AF2E9-C7FD-4016-824C-469FE38BE512}.Ad-Hoc|x64.ActiveCfg = Ad-Hoc|iPhone
		{DA0AF2E9-C7FD-4016-824C-469FE38BE512}.Ad-Hoc|x86.ActiveCfg = Ad-Hoc|iPhone
		{DA0AF2E9-C7FD-4016-824C-469FE38BE512}.AppStore|Any CPU.ActiveCfg = AppStore|iPhone
		{DA0AF2E9-C7FD-4016-824C-469FE38BE512}.AppStore|ARM.ActiveCfg = AppStore|iPhone
		{DA0AF2E9-C7FD-4016-824C-469FE38BE512}.AppStore|iPhone.ActiveCfg = AppStore|iPhone
		{DA0AF2E9-C7FD-4016-824C-469FE38BE512}.AppStore|iPhone.Build.0 = AppStore|iPhone
		{DA0AF2E9-C7FD-4016-824C-469FE38BE512}.AppStore|iPhoneSimulator.ActiveCfg = AppStore|iPhoneSimulator
		{DA0AF2E9-C7FD-4016-824C-469FE38BE512}.AppStore|iPhoneSimulator.Build.0 = AppStore|iPhoneSimulator
		{DA0AF2E9-C7FD-4016-824C-469FE38BE512}.AppStore|x64.ActiveCfg = AppStore|iPhone
		{DA0AF2E9-C7FD-4016-824C-469FE38BE512}.AppStore|x86.ActiveCfg = AppStore|iPhone
		{DA0AF2E9-C7FD-4016-824C-469FE38BE512}.Debug|Any CPU.ActiveCfg = Debug|iPhone
		{DA0AF2E9-C7FD-4016-824C-469FE38BE512}.Debug|ARM.ActiveCfg = Debug|iPhone
		{DA0AF2E9-C7FD-4016-824C-469FE38BE512}.Debug|iPhone.ActiveCfg = Debug|iPhone
		{DA0AF2E9-C7FD-4016-824C-469FE38BE512}.Debug|iPhone.Build.0 = Debug|iPhone
		{DA0AF2E9-C7FD-4016-824C-469FE38BE512}.Debug|iPhoneSimulator.ActiveCfg = Debug|iPhoneSimulator
		{DA0AF2E9-C7FD-4016-824C-469FE38BE512}.Debug|iPhoneSimulator.Build.0 = Debug|iPhoneSimulator
		{DA0AF2E9-C7FD-4016-824C-469FE38BE512}.Debug|x64.ActiveCfg = Debug|iPhone
		{DA0AF2E9-C7FD-4016-824C-469FE38BE512}.Debug|x86.ActiveCfg = Debug|iPhone
		{DA0AF2E9-C7FD-4016-824C-469FE38BE512}.Release|Any CPU.ActiveCfg = Release|iPhone
		{DA0AF2E9-C7FD-4016-824C-469FE38BE512}.Release|ARM.ActiveCfg = Release|iPhone
		{DA0AF2E9-C7FD-4016-824C-469FE38BE512}.Release|iPhone.ActiveCfg = Release|iPhone
		{DA0AF2E9-C7FD-4016-824C-469FE38BE512}.Release|iPhone.Build.0 = Release|iPhone
		{DA0AF2E9-C7FD-4016-824C-469FE38BE512}.Release|iPhoneSimulator.ActiveCfg = Release|iPhoneSimulator
		{DA0AF2E9-C7FD-4016-824C-469FE38BE512}.Release|iPhoneSimulator.Build.0 = Release|iPhoneSimulator
		{DA0AF2E9-C7FD-4016-824C-469FE38BE512}.Release|x64.ActiveCfg = Release|iPhone
		{DA0AF2E9-C7FD-4016-824C-469FE38BE512}.Release|x86.ActiveCfg = Release|iPhone
	EndGlobalSection
	GlobalSection(SolutionProperties) = preSolution
		HideSolutionNode = FALSE
	EndGlobalSection
EndGlobal
